// !$*UTF8*$!
{
	archiveVersion = 1;
	classes = {
	};
	objectVersion = 50;
	objects = {

/* Begin PBXBuildFile section */
		6ECCBC1A2358633200E21315 /* AppDelegate.swift in Sources */ = {isa = PBXBuildFile; fileRef = 6ECCBC192358633200E21315 /* AppDelegate.swift */; };
		6ECCBC1C2358633200E21315 /* SceneDelegate.swift in Sources */ = {isa = PBXBuildFile; fileRef = 6ECCBC1B2358633200E21315 /* SceneDelegate.swift */; };
		6ECCBC1E2358633200E21315 /* ViewController.swift in Sources */ = {isa = PBXBuildFile; fileRef = 6ECCBC1D2358633200E21315 /* ViewController.swift */; };
		6ECCBC212358633200E21315 /* Main.storyboard in Resources */ = {isa = PBXBuildFile; fileRef = 6ECCBC1F2358633200E21315 /* Main.storyboard */; };
		6ECCBC232358633300E21315 /* Assets.xcassets in Resources */ = {isa = PBXBuildFile; fileRef = 6ECCBC222358633300E21315 /* Assets.xcassets */; };
		6ECCBC262358633300E21315 /* LaunchScreen.storyboard in Resources */ = {isa = PBXBuildFile; fileRef = 6ECCBC242358633300E21315 /* LaunchScreen.storyboard */; };
		6ECCBC312358633300E21315 /* MSBluetoothKitTests.swift in Sources */ = {isa = PBXBuildFile; fileRef = 6ECCBC302358633300E21315 /* MSBluetoothKitTests.swift */; };
		6ECCBC40235863CE00E21315 /* MSAdvertisementData.swift in Sources */ = {isa = PBXBuildFile; fileRef = 6ECCBC3C235863CE00E21315 /* MSAdvertisementData.swift */; };
		6ECCBC41235863CE00E21315 /* MSPeripheral.swift in Sources */ = {isa = PBXBuildFile; fileRef = 6ECCBC3D235863CE00E21315 /* MSPeripheral.swift */; };
		6ECCBC42235863CE00E21315 /* MSBluetoothConfig.swift in Sources */ = {isa = PBXBuildFile; fileRef = 6ECCBC3E235863CE00E21315 /* MSBluetoothConfig.swift */; };
		6ECCBC43235863CE00E21315 /* MSBlutoothCentral.swift in Sources */ = {isa = PBXBuildFile; fileRef = 6ECCBC3F235863CE00E21315 /* MSBlutoothCentral.swift */; };
/* End PBXBuildFile section */

/* Begin PBXContainerItemProxy section */
		6ECCBC2D2358633300E21315 /* PBXContainerItemProxy */ = {
			isa = PBXContainerItemProxy;
			containerPortal = 6ECCBC0E2358633200E21315 /* Project object */;
			proxyType = 1;
			remoteGlobalIDString = 6ECCBC152358633200E21315;
			remoteInfo = MSBluetoothKit;
		};
/* End PBXContainerItemProxy section */

/* Begin PBXFileReference section */
		6ECCBC162358633200E21315 /* MSBluetoothKit.app */ = {isa = PBXFileReference; explicitFileType = wrapper.application; includeInIndex = 0; path = MSBluetoothKit.app; sourceTree = BUILT_PRODUCTS_DIR; };
		6ECCBC192358633200E21315 /* AppDelegate.swift */ = {isa = PBXFileReference; lastKnownFileType = sourcecode.swift; path = AppDelegate.swift; sourceTree = "<group>"; };
		6ECCBC1B2358633200E21315 /* SceneDelegate.swift */ = {isa = PBXFileReference; lastKnownFileType = sourcecode.swift; path = SceneDelegate.swift; sourceTree = "<group>"; };
		6ECCBC1D2358633200E21315 /* ViewController.swift */ = {isa = PBXFileReference; lastKnownFileType = sourcecode.swift; path = ViewController.swift; sourceTree = "<group>"; };
		6ECCBC202358633200E21315 /* Base */ = {isa = PBXFileReference; lastKnownFileType = file.storyboard; name = Base; path = Base.lproj/Main.storyboard; sourceTree = "<group>"; };
		6ECCBC222358633300E21315 /* Assets.xcassets */ = {isa = PBXFileReference; lastKnownFileType = folder.assetcatalog; path = Assets.xcassets; sourceTree = "<group>"; };
		6ECCBC252358633300E21315 /* Base */ = {isa = PBXFileReference; lastKnownFileType = file.storyboard; name = Base; path = Base.lproj/LaunchScreen.storyboard; sourceTree = "<group>"; };
		6ECCBC272358633300E21315 /* Info.plist */ = {isa = PBXFileReference; lastKnownFileType = text.plist.xml; path = Info.plist; sourceTree = "<group>"; };
		6ECCBC2C2358633300E21315 /* MSBluetoothKitTests.xctest */ = {isa = PBXFileReference; explicitFileType = wrapper.cfbundle; includeInIndex = 0; path = MSBluetoothKitTests.xctest; sourceTree = BUILT_PRODUCTS_DIR; };
		6ECCBC302358633300E21315 /* MSBluetoothKitTests.swift */ = {isa = PBXFileReference; lastKnownFileType = sourcecode.swift; path = MSBluetoothKitTests.swift; sourceTree = "<group>"; };
		6ECCBC322358633300E21315 /* Info.plist */ = {isa = PBXFileReference; lastKnownFileType = text.plist.xml; path = Info.plist; sourceTree = "<group>"; };
		6ECCBC3C235863CE00E21315 /* MSAdvertisementData.swift */ = {isa = PBXFileReference; fileEncoding = 4; lastKnownFileType = sourcecode.swift; path = MSAdvertisementData.swift; sourceTree = "<group>"; };
		6ECCBC3D235863CE00E21315 /* MSPeripheral.swift */ = {isa = PBXFileReference; fileEncoding = 4; lastKnownFileType = sourcecode.swift; path = MSPeripheral.swift; sourceTree = "<group>"; };
		6ECCBC3E235863CE00E21315 /* MSBluetoothConfig.swift */ = {isa = PBXFileReference; fileEncoding = 4; lastKnownFileType = sourcecode.swift; path = MSBluetoothConfig.swift; sourceTree = "<group>"; };
		6ECCBC3F235863CE00E21315 /* MSBlutoothCentral.swift */ = {isa = PBXFileReference; fileEncoding = 4; lastKnownFileType = sourcecode.swift; path = MSBlutoothCentral.swift; sourceTree = "<group>"; };
/* End PBXFileReference section */

/* Begin PBXFrameworksBuildPhase section */
		6ECCBC132358633200E21315 /* Frameworks */ = {
			isa = PBXFrameworksBuildPhase;
			buildActionMask = 2147483647;
			files = (
			);
			runOnlyForDeploymentPostprocessing = 0;
		};
		6ECCBC292358633300E21315 /* Frameworks */ = {
			isa = PBXFrameworksBuildPhase;
			buildActionMask = 2147483647;
			files = (
			);
			runOnlyForDeploymentPostprocessing = 0;
		};
/* End PBXFrameworksBuildPhase section */

/* Begin PBXGroup section */
		6ECCBC0D2358633200E21315 = {
			isa = PBXGroup;
			children = (
				6ECCBC182358633200E21315 /* MSBluetoothKit */,
				6ECCBC2F2358633300E21315 /* MSBluetoothKitTests */,
				6ECCBC172358633200E21315 /* Products */,
			);
			sourceTree = "<group>";
		};
		6ECCBC172358633200E21315 /* Products */ = {
			isa = PBXGroup;
			children = (
				6ECCBC162358633200E21315 /* MSBluetoothKit.app */,
				6ECCBC2C2358633300E21315 /* MSBluetoothKitTests.xctest */,
			);
			name = Products;
			sourceTree = "<group>";
		};
		6ECCBC182358633200E21315 /* MSBluetoothKit */ = {
			isa = PBXGroup;
			children = (
				6ECCBC3B235863C100E21315 /* Sources */,
				6ECCBC192358633200E21315 /* AppDelegate.swift */,
				6ECCBC1B2358633200E21315 /* SceneDelegate.swift */,
				6ECCBC1D2358633200E21315 /* ViewController.swift */,
				6ECCBC1F2358633200E21315 /* Main.storyboard */,
				6ECCBC222358633300E21315 /* Assets.xcassets */,
				6ECCBC242358633300E21315 /* LaunchScreen.storyboard */,
				6ECCBC272358633300E21315 /* Info.plist */,
			);
			path = MSBluetoothKit;
			sourceTree = "<group>";
		};
		6ECCBC2F2358633300E21315 /* MSBluetoothKitTests */ = {
			isa = PBXGroup;
			children = (
				6ECCBC302358633300E21315 /* MSBluetoothKitTests.swift */,
				6ECCBC322358633300E21315 /* Info.plist */,
			);
			path = MSBluetoothKitTests;
			sourceTree = "<group>";
		};
		6ECCBC3B235863C100E21315 /* Sources */ = {
			isa = PBXGroup;
			children = (
				6ECCBC3C235863CE00E21315 /* MSAdvertisementData.swift */,
				6ECCBC3E235863CE00E21315 /* MSBluetoothConfig.swift */,
				6ECCBC3F235863CE00E21315 /* MSBlutoothCentral.swift */,
				6ECCBC3D235863CE00E21315 /* MSPeripheral.swift */,
			);
			path = Sources;
			sourceTree = "<group>";
		};
/* End PBXGroup section */

/* Begin PBXNativeTarget section */
		6ECCBC152358633200E21315 /* MSBluetoothKit */ = {
			isa = PBXNativeTarget;
			buildConfigurationList = 6ECCBC352358633300E21315 /* Build configuration list for PBXNativeTarget "MSBluetoothKit" */;
			buildPhases = (
				6ECCBC122358633200E21315 /* Sources */,
				6ECCBC132358633200E21315 /* Frameworks */,
				6ECCBC142358633200E21315 /* Resources */,
			);
			buildRules = (
			);
			dependencies = (
			);
			name = MSBluetoothKit;
			productName = MSBluetoothKit;
			productReference = 6ECCBC162358633200E21315 /* MSBluetoothKit.app */;
			productType = "com.apple.product-type.application";
		};
		6ECCBC2B2358633300E21315 /* MSBluetoothKitTests */ = {
			isa = PBXNativeTarget;
			buildConfigurationList = 6ECCBC382358633300E21315 /* Build configuration list for PBXNativeTarget "MSBluetoothKitTests" */;
			buildPhases = (
				6ECCBC282358633300E21315 /* Sources */,
				6ECCBC292358633300E21315 /* Frameworks */,
				6ECCBC2A2358633300E21315 /* Resources */,
			);
			buildRules = (
			);
			dependencies = (
				6ECCBC2E2358633300E21315 /* PBXTargetDependency */,
			);
			name = MSBluetoothKitTests;
			productName = MSBluetoothKitTests;
			productReference = 6ECCBC2C2358633300E21315 /* MSBluetoothKitTests.xctest */;
			productType = "com.apple.product-type.bundle.unit-test";
		};
/* End PBXNativeTarget section */

/* Begin PBXProject section */
		6ECCBC0E2358633200E21315 /* Project object */ = {
			isa = PBXProject;
			attributes = {
				LastSwiftUpdateCheck = 1100;
				LastUpgradeCheck = 1100;
				ORGANIZATIONNAME = "Monkey-Sun";
				TargetAttributes = {
					6ECCBC152358633200E21315 = {
						CreatedOnToolsVersion = 11.0;
					};
					6ECCBC2B2358633300E21315 = {
						CreatedOnToolsVersion = 11.0;
						TestTargetID = 6ECCBC152358633200E21315;
					};
				};
			};
			buildConfigurationList = 6ECCBC112358633200E21315 /* Build configuration list for PBXProject "MSBluetoothKit" */;
			compatibilityVersion = "Xcode 9.3";
			developmentRegion = en;
			hasScannedForEncodings = 0;
			knownRegions = (
				en,
				Base,
			);
			mainGroup = 6ECCBC0D2358633200E21315;
			productRefGroup = 6ECCBC172358633200E21315 /* Products */;
			projectDirPath = "";
			projectRoot = "";
			targets = (
				6ECCBC152358633200E21315 /* MSBluetoothKit */,
				6ECCBC2B2358633300E21315 /* MSBluetoothKitTests */,
			);
		};
/* End PBXProject section */

/* Begin PBXResourcesBuildPhase section */
		6ECCBC142358633200E21315 /* Resources */ = {
			isa = PBXResourcesBuildPhase;
			buildActionMask = 2147483647;
			files = (
				6ECCBC262358633300E21315 /* LaunchScreen.storyboard in Resources */,
				6ECCBC232358633300E21315 /* Assets.xcassets in Resources */,
				6ECCBC212358633200E21315 /* Main.storyboard in Resources */,
			);
			runOnlyForDeploymentPostprocessing = 0;
		};
		6ECCBC2A2358633300E21315 /* Resources */ = {
			isa = PBXResourcesBuildPhase;
			buildActionMask = 2147483647;
			files = (
			);
			runOnlyForDeploymentPostprocessing = 0;
		};
/* End PBXResourcesBuildPhase section */

/* Begin PBXSourcesBuildPhase section */
		6ECCBC122358633200E21315 /* Sources */ = {
			isa = PBXSourcesBuildPhase;
			buildActionMask = 2147483647;
			files = (
				6ECCBC1E2358633200E21315 /* ViewController.swift in Sources */,
				6ECCBC40235863CE00E21315 /* MSAdvertisementData.swift in Sources */,
				6ECCBC41235863CE00E21315 /* MSPeripheral.swift in Sources */,
				6ECCBC1A2358633200E21315 /* AppDelegate.swift in Sources */,
				6ECCBC42235863CE00E21315 /* MSBluetoothConfig.swift in Sources */,
				6ECCBC1C2358633200E21315 /* SceneDelegate.swift in Sources */,
				6ECCBC43235863CE00E21315 /* MSBlutoothCentral.swift in Sources */,
			);
			runOnlyForDeploymentPostprocessing = 0;
		};
		6ECCBC282358633300E21315 /* Sources */ = {
			isa = PBXSourcesBuildPhase;
			buildActionMask = 2147483647;
			files = (
				6ECCBC312358633300E21315 /* MSBluetoothKitTests.swift in Sources */,
			);
			runOnlyForDeploymentPostprocessing = 0;
		};
/* End PBXSourcesBuildPhase section */

/* Begin PBXTargetDependency section */
		6ECCBC2E2358633300E21315 /* PBXTargetDependency */ = {
			isa = PBXTargetDependency;
			target = 6ECCBC152358633200E21315 /* MSBluetoothKit */;
			targetProxy = 6ECCBC2D2358633300E21315 /* PBXContainerItemProxy */;
		};
/* End PBXTargetDependency section */

/* Begin PBXVariantGroup section */
		6ECCBC1F2358633200E21315 /* Main.storyboard */ = {
			isa = PBXVariantGroup;
			children = (
				6ECCBC202358633200E21315 /* Base */,
			);
			name = Main.storyboard;
			sourceTree = "<group>";
		};
		6ECCBC242358633300E21315 /* LaunchScreen.storyboard */ = {
			isa = PBXVariantGroup;
			children = (
				6ECCBC252358633300E21315 /* Base */,
			);
			name = LaunchScreen.storyboard;
			sourceTree = "<group>";
		};
/* End PBXVariantGroup section */

/* Begin XCBuildConfiguration section */
		6ECCBC332358633300E21315 /* Debug */ = {
			isa = XCBuildConfiguration;
			buildSettings = {
				ALWAYS_SEARCH_USER_PATHS = NO;
				CLANG_ANALYZER_NONNULL = YES;
				CLANG_ANALYZER_NUMBER_OBJECT_CONVERSION = YES_AGGRESSIVE;
				CLANG_CXX_LANGUAGE_STANDARD = "gnu++14";
				CLANG_CXX_LIBRARY = "libc++";
				CLANG_ENABLE_MODULES = YES;
				CLANG_ENABLE_OBJC_ARC = YES;
				CLANG_ENABLE_OBJC_WEAK = YES;
				CLANG_WARN_BLOCK_CAPTURE_AUTORELEASING = YES;
				CLANG_WARN_BOOL_CONVERSION = YES;
				CLANG_WARN_COMMA = YES;
				CLANG_WARN_CONSTANT_CONVERSION = YES;
				CLANG_WARN_DEPRECATED_OBJC_IMPLEMENTATIONS = YES;
				CLANG_WARN_DIRECT_OBJC_ISA_USAGE = YES_ERROR;
				CLANG_WARN_DOCUMENTATION_COMMENTS = YES;
				CLANG_WARN_EMPTY_BODY = YES;
				CLANG_WARN_ENUM_CONVERSION = YES;
				CLANG_WARN_INFINITE_RECURSION = YES;
				CLANG_WARN_INT_CONVERSION = YES;
				CLANG_WARN_NON_LITERAL_NULL_CONVERSION = YES;
				CLANG_WARN_OBJC_IMPLICIT_RETAIN_SELF = YES;
				CLANG_WARN_OBJC_LITERAL_CONVERSION = YES;
				CLANG_WARN_OBJC_ROOT_CLASS = YES_ERROR;
				CLANG_WARN_RANGE_LOOP_ANALYSIS = YES;
				CLANG_WARN_STRICT_PROTOTYPES = YES;
				CLANG_WARN_SUSPICIOUS_MOVE = YES;
				CLANG_WARN_UNGUARDED_AVAILABILITY = YES_AGGRESSIVE;
				CLANG_WARN_UNREACHABLE_CODE = YES;
				CLANG_WARN__DUPLICATE_METHOD_MATCH = YES;
				COPY_PHASE_STRIP = NO;
				DEBUG_INFORMATION_FORMAT = dwarf;
				ENABLE_STRICT_OBJC_MSGSEND = YES;
				ENABLE_TESTABILITY = YES;
				GCC_C_LANGUAGE_STANDARD = gnu11;
				GCC_DYNAMIC_NO_PIC = NO;
				GCC_NO_COMMON_BLOCKS = YES;
				GCC_OPTIMIZATION_LEVEL = 0;
				GCC_PREPROCESSOR_DEFINITIONS = (
					"DEBUG=1",
					"$(inherited)",
				);
				GCC_WARN_64_TO_32_BIT_CONVERSION = YES;
				GCC_WARN_ABOUT_RETURN_TYPE = YES_ERROR;
				GCC_WARN_UNDECLARED_SELECTOR = YES;
				GCC_WARN_UNINITIALIZED_AUTOS = YES_AGGRESSIVE;
				GCC_WARN_UNUSED_FUNCTION = YES;
				GCC_WARN_UNUSED_VARIABLE = YES;
				IPHONEOS_DEPLOYMENT_TARGET = 13.0;
				MTL_ENABLE_DEBUG_INFO = INCLUDE_SOURCE;
				MTL_FAST_MATH = YES;
				ONLY_ACTIVE_ARCH = YES;
				SDKROOT = iphoneos;
				SWIFT_ACTIVE_COMPILATION_CONDITIONS = DEBUG;
				SWIFT_OPTIMIZATION_LEVEL = "-Onone";
			};
			name = Debug;
		};
		6ECCBC342358633300E21315 /* Release */ = {
			isa = XCBuildConfiguration;
			buildSettings = {
				ALWAYS_SEARCH_USER_PATHS = NO;
				CLANG_ANALYZER_NONNULL = YES;
				CLANG_ANALYZER_NUMBER_OBJECT_CONVERSION = YES_AGGRESSIVE;
				CLANG_CXX_LANGUAGE_STANDARD = "gnu++14";
				CLANG_CXX_LIBRARY = "libc++";
				CLANG_ENABLE_MODULES = YES;
				CLANG_ENABLE_OBJC_ARC = YES;
				CLANG_ENABLE_OBJC_WEAK = YES;
				CLANG_WARN_BLOCK_CAPTURE_AUTORELEASING = YES;
				CLANG_WARN_BOOL_CONVERSION = YES;
				CLANG_WARN_COMMA = YES;
				CLANG_WARN_CONSTANT_CONVERSION = YES;
				CLANG_WARN_DEPRECATED_OBJC_IMPLEMENTATIONS = YES;
				CLANG_WARN_DIRECT_OBJC_ISA_USAGE = YES_ERROR;
				CLANG_WARN_DOCUMENTATION_COMMENTS = YES;
				CLANG_WARN_EMPTY_BODY = YES;
				CLANG_WARN_ENUM_CONVERSION = YES;
				CLANG_WARN_INFINITE_RECURSION = YES;
				CLANG_WARN_INT_CONVERSION = YES;
				CLANG_WARN_NON_LITERAL_NULL_CONVERSION = YES;
				CLANG_WARN_OBJC_IMPLICIT_RETAIN_SELF = YES;
				CLANG_WARN_OBJC_LITERAL_CONVERSION = YES;
				CLANG_WARN_OBJC_ROOT_CLASS = YES_ERROR;
				CLANG_WARN_RANGE_LOOP_ANALYSIS = YES;
				CLANG_WARN_STRICT_PROTOTYPES = YES;
				CLANG_WARN_SUSPICIOUS_MOVE = YES;
				CLANG_WARN_UNGUARDED_AVAILABILITY = YES_AGGRESSIVE;
				CLANG_WARN_UNREACHABLE_CODE = YES;
				CLANG_WARN__DUPLICATE_METHOD_MATCH = YES;
				COPY_PHASE_STRIP = NO;
				DEBUG_INFORMATION_FORMAT = "dwarf-with-dsym";
				ENABLE_NS_ASSERTIONS = NO;
				ENABLE_STRICT_OBJC_MSGSEND = YES;
				GCC_C_LANGUAGE_STANDARD = gnu11;
				GCC_NO_COMMON_BLOCKS = YES;
				GCC_WARN_64_TO_32_BIT_CONVERSION = YES;
				GCC_WARN_ABOUT_RETURN_TYPE = YES_ERROR;
				GCC_WARN_UNDECLARED_SELECTOR = YES;
				GCC_WARN_UNINITIALIZED_AUTOS = YES_AGGRESSIVE;
				GCC_WARN_UNUSED_FUNCTION = YES;
				GCC_WARN_UNUSED_VARIABLE = YES;
				IPHONEOS_DEPLOYMENT_TARGET = 13.0;
				MTL_ENABLE_DEBUG_INFO = NO;
				MTL_FAST_MATH = YES;
				SDKROOT = iphoneos;
				SWIFT_COMPILATION_MODE = wholemodule;
				SWIFT_OPTIMIZATION_LEVEL = "-O";
				VALIDATE_PRODUCT = YES;
			};
			name = Release;
		};
		6ECCBC362358633300E21315 /* Debug */ = {
			isa = XCBuildConfiguration;
			buildSettings = {
				ASSETCATALOG_COMPILER_APPICON_NAME = AppIcon;
				CODE_SIGN_STYLE = Automatic;
				DEVELOPMENT_TEAM = DARMSA99DW;
				INFOPLIST_FILE = MSBluetoothKit/Info.plist;
				LD_RUNPATH_SEARCH_PATHS = (
					"$(inherited)",
					"@executable_path/Frameworks",
				);
				PRODUCT_BUNDLE_IDENTIFIER = "com-github.MSBluetoothKit";
				PRODUCT_NAME = "$(TARGET_NAME)";
				SWIFT_VERSION = 5.0;
				TARGETED_DEVICE_FAMILY = "1,2";
			};
			name = Debug;
		};
		6ECCBC372358633300E21315 /* Release */ = {
			isa = XCBuildConfiguration;
			buildSettings = {
				ASSETCATALOG_COMPILER_APPICON_NAME = AppIcon;
				CODE_SIGN_STYLE = Automatic;
				DEVELOPMENT_TEAM = DARMSA99DW;
				INFOPLIST_FILE = MSBluetoothKit/Info.plist;
				LD_RUNPATH_SEARCH_PATHS = (
					"$(inherited)",
					"@executable_path/Frameworks",
				);
				PRODUCT_BUNDLE_IDENTIFIER = "com-github.MSBluetoothKit";
				PRODUCT_NAME = "$(TARGET_NAME)";
				SWIFT_VERSION = 5.0;
				TARGETED_DEVICE_FAMILY = "1,2";
			};
			name = Release;
		};
		6ECCBC392358633300E21315 /* Debug */ = {
			isa = XCBuildConfiguration;
			buildSettings = {
				ALWAYS_EMBED_SWIFT_STANDARD_LIBRARIES = YES;
				BUNDLE_LOADER = "$(TEST_HOST)";
				CODE_SIGN_STYLE = Automatic;
				DEVELOPMENT_TEAM = DARMSA99DW;
				INFOPLIST_FILE = MSBluetoothKitTests/Info.plist;
				IPHONEOS_DEPLOYMENT_TARGET = 13.0;
				LD_RUNPATH_SEARCH_PATHS = (
					"$(inherited)",
					"@executable_path/Frameworks",
					"@loader_path/Frameworks",
				);
				PRODUCT_BUNDLE_IDENTIFIER = "com-github.MSBluetoothKitTests";
				PRODUCT_NAME = "$(TARGET_NAME)";
				SWIFT_VERSION = 5.0;
				TARGETED_DEVICE_FAMILY = "1,2";
				TEST_HOST = "$(BUILT_PRODUCTS_DIR)/MSBluetoothKit.app/MSBluetoothKit";
			};
			name = Debug;
		};
		6ECCBC3A2358633300E21315 /* Release */ = {
			isa = XCBuildConfiguration;
			buildSettings = {
				ALWAYS_EMBED_SWIFT_STANDARD_LIBRARIES = YES;
				BUNDLE_LOADER = "$(TEST_HOST)";
				CODE_SIGN_STYLE = Automatic;
				DEVELOPMENT_TEAM = DARMSA99DW;
				INFOPLIST_FILE = MSBluetoothKitTests/Info.plist;
				IPHONEOS_DEPLOYMENT_TARGET = 13.0;
				LD_RUNPATH_SEARCH_PATHS = (
					"$(inherited)",
					"@executable_path/Frameworks",
					"@loader_path/Frameworks",
				);
				PRODUCT_BUNDLE_IDENTIFIER = "com-github.MSBluetoothKitTests";
				PRODUCT_NAME = "$(TARGET_NAME)";
				SWIFT_VERSION = 5.0;
				TARGETED_DEVICE_FAMILY = "1,2";
				TEST_HOST = "$(BUILT_PRODUCTS_DIR)/MSBluetoothKit.app/MSBluetoothKit";
			};
			name = Release;
		};
/* End XCBuildConfiguration section */

/* Begin XCConfigurationList section */
		6ECCBC112358633200E21315 /* Build configuration list for PBXProject "MSBluetoothKit" */ = {
			isa = XCConfigurationList;
			buildConfigurations = (
				6ECCBC332358633300E21315 /* Debug */,
				6ECCBC342358633300E21315 /* Release */,
			);
			defaultConfigurationIsVisible = 0;
			defaultConfigurationName = Release;
		};
		6ECCBC352358633300E21315 /* Build configuration list for PBXNativeTarget "MSBluetoothKit" */ = {
			isa = XCConfigurationList;
			buildConfigurations = (
				6ECCBC362358633300E21315 /* Debug */,
				6ECCBC372358633300E21315 /* Release */,
			);
			defaultConfigurationIsVisible = 0;
			defaultConfigurationName = Release;
		};
		6ECCBC382358633300E21315 /* Build configuration list for PBXNativeTarget "MSBluetoothKitTests" */ = {
			isa = XCConfigurationList;
			buildConfigurations = (
				6ECCBC392358633300E21315 /* Debug */,
				6ECCBC3A2358633300E21315 /* Release */,
			);
			defaultConfigurationIsVisible = 0;
			defaultConfigurationName = Release;
		};
/* End XCConfigurationList section */
	};
	rootObject = 6ECCBC0E2358633200E21315 /* Project object */;
}
